// !$*UTF8*$!
{
	archiveVersion = 1;
	classes = {
	};
	objectVersion = 46;
	objects = {

/* Begin PBXBuildFile section */
		1E40AE971AC2040500D3E426 /* main.m in Sources */ = {isa = PBXBuildFile; fileRef = 1E40AE961AC2040500D3E426 /* main.m */; };
		1E40AE9A1AC2040500D3E426 /* AppDelegate.m in Sources */ = {isa = PBXBuildFile; fileRef = 1E40AE991AC2040500D3E426 /* AppDelegate.m */; };
		1E40AE9C1AC2040500D3E426 /* Images.xcassets in Resources */ = {isa = PBXBuildFile; fileRef = 1E40AE9B1AC2040500D3E426 /* Images.xcassets */; };
		1E40AE9F1AC2040500D3E426 /* LaunchScreen.xib in Resources */ = {isa = PBXBuildFile; fileRef = 1E40AE9D1AC2040500D3E426 /* LaunchScreen.xib */; };
		1E40AEAB1AC2040500D3E426 /* StarWarsTests.m in Sources */ = {isa = PBXBuildFile; fileRef = 1E40AEAA1AC2040500D3E426 /* StarWarsTests.m */; };
		1E40AEB61AC215D100D3E426 /* AGTStarWarsCharacter.m in Sources */ = {isa = PBXBuildFile; fileRef = 1E40AEB51AC215D100D3E426 /* AGTStarWarsCharacter.m */; };
		1E40AEBB1AC21A5F00D3E426 /* AGTCharacterViewController.m in Sources */ = {isa = PBXBuildFile; fileRef = 1E40AEB91AC21A5F00D3E426 /* AGTCharacterViewController.m */; };
		1E40AEBC1AC21A5F00D3E426 /* AGTCharacterViewController.xib in Resources */ = {isa = PBXBuildFile; fileRef = 1E40AEBA1AC21A5F00D3E426 /* AGTCharacterViewController.xib */; };
		1E40AECE1AC2284100D3E426 /* c3po.caf in Resources */ = {isa = PBXBuildFile; fileRef = 1E40AEBE1AC2284100D3E426 /* c3po.caf */; };
		1E40AECF1AC2284100D3E426 /* c3po.jpg in Resources */ = {isa = PBXBuildFile; fileRef = 1E40AEBF1AC2284100D3E426 /* c3po.jpg */; };
		1E40AED01AC2284100D3E426 /* chewbacca.caf in Resources */ = {isa = PBXBuildFile; fileRef = 1E40AEC01AC2284100D3E426 /* chewbacca.caf */; };
		1E40AED11AC2284100D3E426 /* chewbacca.jpg in Resources */ = {isa = PBXBuildFile; fileRef = 1E40AEC11AC2284100D3E426 /* chewbacca.jpg */; };
		1E40AED21AC2284100D3E426 /* darthVader.jpg in Resources */ = {isa = PBXBuildFile; fileRef = 1E40AEC21AC2284100D3E426 /* darthVader.jpg */; };
		1E40AED31AC2284100D3E426 /* icon.png in Resources */ = {isa = PBXBuildFile; fileRef = 1E40AEC31AC2284100D3E426 /* icon.png */; };
		1E40AED41AC2284100D3E426 /* iconSmall.png in Resources */ = {isa = PBXBuildFile; fileRef = 1E40AEC41AC2284100D3E426 /* iconSmall.png */; };
		1E40AED51AC2284100D3E426 /* palpatine.caf in Resources */ = {isa = PBXBuildFile; fileRef = 1E40AEC51AC2284100D3E426 /* palpatine.caf */; };
		1E40AED61AC2284100D3E426 /* palpatine.jpg in Resources */ = {isa = PBXBuildFile; fileRef = 1E40AEC61AC2284100D3E426 /* palpatine.jpg */; };
		1E40AED71AC2284100D3E426 /* r2-d2.caf in Resources */ = {isa = PBXBuildFile; fileRef = 1E40AEC71AC2284100D3E426 /* r2-d2.caf */; };
		1E40AED81AC2284100D3E426 /* R2-D2.jpg in Resources */ = {isa = PBXBuildFile; fileRef = 1E40AEC81AC2284100D3E426 /* R2-D2.jpg */; };
		1E40AED91AC2284100D3E426 /* tarkin.caf in Resources */ = {isa = PBXBuildFile; fileRef = 1E40AEC91AC2284100D3E426 /* tarkin.caf */; };
		1E40AEDA1AC2284100D3E426 /* tarkin.jpg in Resources */ = {isa = PBXBuildFile; fileRef = 1E40AECA1AC2284100D3E426 /* tarkin.jpg */; };
		1E40AEDB1AC2284100D3E426 /* vader.caf in Resources */ = {isa = PBXBuildFile; fileRef = 1E40AECB1AC2284100D3E426 /* vader.caf */; };
		1E40AEDC1AC2284100D3E426 /* yoda.caf in Resources */ = {isa = PBXBuildFile; fileRef = 1E40AECC1AC2284100D3E426 /* yoda.caf */; };
		1E40AEDD1AC2284100D3E426 /* yoda.jpg in Resources */ = {isa = PBXBuildFile; fileRef = 1E40AECD1AC2284100D3E426 /* yoda.jpg */; };
		1E7248AF1AC346FC00B51488 /* CafPlayer.m in Sources */ = {isa = PBXBuildFile; fileRef = 1E7248AE1AC346FC00B51488 /* CafPlayer.m */; };
/* End PBXBuildFile section */

/* Begin PBXContainerItemProxy section */
		1E40AEA51AC2040500D3E426 /* PBXContainerItemProxy */ = {
			isa = PBXContainerItemProxy;
			containerPortal = 1E40AE891AC2040500D3E426 /* Project object */;
			proxyType = 1;
			remoteGlobalIDString = 1E40AE901AC2040500D3E426;
			remoteInfo = StarWars;
		};
/* End PBXContainerItemProxy section */

/* Begin PBXFileReference section */
		1E40AE911AC2040500D3E426 /* StarWars.app */ = {isa = PBXFileReference; explicitFileType = wrapper.application; includeInIndex = 0; path = StarWars.app; sourceTree = BUILT_PRODUCTS_DIR; };
		1E40AE951AC2040500D3E426 /* Info.plist */ = {isa = PBXFileReference; lastKnownFileType = text.plist.xml; path = Info.plist; sourceTree = "<group>"; };
		1E40AE961AC2040500D3E426 /* main.m */ = {isa = PBXFileReference; lastKnownFileType = sourcecode.c.objc; path = main.m; sourceTree = "<group>"; };
		1E40AE981AC2040500D3E426 /* AppDelegate.h */ = {isa = PBXFileReference; lastKnownFileType = sourcecode.c.h; path = AppDelegate.h; sourceTree = "<group>"; };
		1E40AE991AC2040500D3E426 /* AppDelegate.m */ = {isa = PBXFileReference; lastKnownFileType = sourcecode.c.objc; path = AppDelegate.m; sourceTree = "<group>"; };
		1E40AE9B1AC2040500D3E426 /* Images.xcassets */ = {isa = PBXFileReference; lastKnownFileType = folder.assetcatalog; path = Images.xcassets; sourceTree = "<group>"; };
		1E40AE9E1AC2040500D3E426 /* Base */ = {isa = PBXFileReference; lastKnownFileType = file.xib; name = Base; path = Base.lproj/LaunchScreen.xib; sourceTree = "<group>"; };
		1E40AEA41AC2040500D3E426 /* StarWarsTests.xctest */ = {isa = PBXFileReference; explicitFileType = wrapper.cfbundle; includeInIndex = 0; path = StarWarsTests.xctest; sourceTree = BUILT_PRODUCTS_DIR; };
		1E40AEA91AC2040500D3E426 /* Info.plist */ = {isa = PBXFileReference; lastKnownFileType = text.plist.xml; path = Info.plist; sourceTree = "<group>"; };
		1E40AEAA1AC2040500D3E426 /* StarWarsTests.m */ = {isa = PBXFileReference; lastKnownFileType = sourcecode.c.objc; path = StarWarsTests.m; sourceTree = "<group>"; };
		1E40AEB41AC215D100D3E426 /* AGTStarWarsCharacter.h */ = {isa = PBXFileReference; fileEncoding = 4; lastKnownFileType = sourcecode.c.h; path = AGTStarWarsCharacter.h; sourceTree = "<group>"; };
		1E40AEB51AC215D100D3E426 /* AGTStarWarsCharacter.m */ = {isa = PBXFileReference; fileEncoding = 4; lastKnownFileType = sourcecode.c.objc; path = AGTStarWarsCharacter.m; sourceTree = "<group>"; };
		1E40AEB81AC21A5F00D3E426 /* AGTCharacterViewController.h */ = {isa = PBXFileReference; fileEncoding = 4; lastKnownFileType = sourcecode.c.h; path = AGTCharacterViewController.h; sourceTree = "<group>"; };
		1E40AEB91AC21A5F00D3E426 /* AGTCharacterViewController.m */ = {isa = PBXFileReference; fileEncoding = 4; lastKnownFileType = sourcecode.c.objc; path = AGTCharacterViewController.m; sourceTree = "<group>"; };
		1E40AEBA1AC21A5F00D3E426 /* AGTCharacterViewController.xib */ = {isa = PBXFileReference; fileEncoding = 4; lastKnownFileType = file.xib; path = AGTCharacterViewController.xib; sourceTree = "<group>"; };
		1E40AEBE1AC2284100D3E426 /* c3po.caf */ = {isa = PBXFileReference; lastKnownFileType = file; path = c3po.caf; sourceTree = "<group>"; };
		1E40AEBF1AC2284100D3E426 /* c3po.jpg */ = {isa = PBXFileReference; lastKnownFileType = image.jpeg; path = c3po.jpg; sourceTree = "<group>"; };
		1E40AEC01AC2284100D3E426 /* chewbacca.caf */ = {isa = PBXFileReference; lastKnownFileType = file; path = chewbacca.caf; sourceTree = "<group>"; };
		1E40AEC11AC2284100D3E426 /* chewbacca.jpg */ = {isa = PBXFileReference; lastKnownFileType = image.jpeg; path = chewbacca.jpg; sourceTree = "<group>"; };
		1E40AEC21AC2284100D3E426 /* darthVader.jpg */ = {isa = PBXFileReference; lastKnownFileType = image.jpeg; path = darthVader.jpg; sourceTree = "<group>"; };
		1E40AEC31AC2284100D3E426 /* icon.png */ = {isa = PBXFileReference; lastKnownFileType = image.png; path = icon.png; sourceTree = "<group>"; };
		1E40AEC41AC2284100D3E426 /* iconSmall.png */ = {isa = PBXFileReference; lastKnownFileType = image.png; path = iconSmall.png; sourceTree = "<group>"; };
		1E40AEC51AC2284100D3E426 /* palpatine.caf */ = {isa = PBXFileReference; lastKnownFileType = file; path = palpatine.caf; sourceTree = "<group>"; };
		1E40AEC61AC2284100D3E426 /* palpatine.jpg */ = {isa = PBXFileReference; lastKnownFileType = image.jpeg; path = palpatine.jpg; sourceTree = "<group>"; };
		1E40AEC71AC2284100D3E426 /* r2-d2.caf */ = {isa = PBXFileReference; lastKnownFileType = file; path = "r2-d2.caf"; sourceTree = "<group>"; };
		1E40AEC81AC2284100D3E426 /* R2-D2.jpg */ = {isa = PBXFileReference; lastKnownFileType = image.jpeg; path = "R2-D2.jpg"; sourceTree = "<group>"; };
		1E40AEC91AC2284100D3E426 /* tarkin.caf */ = {isa = PBXFileReference; lastKnownFileType = file; path = tarkin.caf; sourceTree = "<group>"; };
		1E40AECA1AC2284100D3E426 /* tarkin.jpg */ = {isa = PBXFileReference; lastKnownFileType = image.jpeg; path = tarkin.jpg; sourceTree = "<group>"; };
		1E40AECB1AC2284100D3E426 /* vader.caf */ = {isa = PBXFileReference; lastKnownFileType = file; path = vader.caf; sourceTree = "<group>"; };
		1E40AECC1AC2284100D3E426 /* yoda.caf */ = {isa = PBXFileReference; lastKnownFileType = file; path = yoda.caf; sourceTree = "<group>"; };
		1E40AECD1AC2284100D3E426 /* yoda.jpg */ = {isa = PBXFileReference; lastKnownFileType = image.jpeg; path = yoda.jpg; sourceTree = "<group>"; };
		1E7248AD1AC346FC00B51488 /* CafPlayer.h */ = {isa = PBXFileReference; fileEncoding = 4; lastKnownFileType = sourcecode.c.h; path = CafPlayer.h; sourceTree = "<group>"; };
		1E7248AE1AC346FC00B51488 /* CafPlayer.m */ = {isa = PBXFileReference; fileEncoding = 4; lastKnownFileType = sourcecode.c.objc; path = CafPlayer.m; sourceTree = "<group>"; };
/* End PBXFileReference section */

/* Begin PBXFrameworksBuildPhase section */
		1E40AE8E1AC2040500D3E426 /* Frameworks */ = {
			isa = PBXFrameworksBuildPhase;
			buildActionMask = 2147483647;
			files = (
			);
			runOnlyForDeploymentPostprocessing = 0;
		};
		1E40AEA11AC2040500D3E426 /* Frameworks */ = {
			isa = PBXFrameworksBuildPhase;
			buildActionMask = 2147483647;
			files = (
			);
			runOnlyForDeploymentPostprocessing = 0;
		};
/* End PBXFrameworksBuildPhase section */

/* Begin PBXGroup section */
		1E40AE881AC2040500D3E426 = {
			isa = PBXGroup;
			children = (
				1E40AE931AC2040500D3E426 /* StarWars */,
				1E40AEA71AC2040500D3E426 /* StarWarsTests */,
				1E40AE921AC2040500D3E426 /* Products */,
			);
			sourceTree = "<group>";
		};
		1E40AE921AC2040500D3E426 /* Products */ = {
			isa = PBXGroup;
			children = (
				1E40AE911AC2040500D3E426 /* StarWars.app */,
				1E40AEA41AC2040500D3E426 /* StarWarsTests.xctest */,
			);
			name = Products;
			sourceTree = "<group>";
		};
		1E40AE931AC2040500D3E426 /* StarWars */ = {
			isa = PBXGroup;
			children = (
				1E7248B01AC3470700B51488 /* Sound */,
				1E40AEDE1AC2285100D3E426 /* Resources */,
				1E40AE981AC2040500D3E426 /* AppDelegate.h */,
				1E40AE991AC2040500D3E426 /* AppDelegate.m */,
				1E40AE9B1AC2040500D3E426 /* Images.xcassets */,
				1E40AE9D1AC2040500D3E426 /* LaunchScreen.xib */,
				1E40AE941AC2040500D3E426 /* Supporting Files */,
				1E40AEB71AC215D800D3E426 /* Models */,
				1E40AEBD1AC21A6400D3E426 /* Controllers */,
			);
			path = StarWars;
			sourceTree = "<group>";
		};
		1E40AE941AC2040500D3E426 /* Supporting Files */ = {
			isa = PBXGroup;
			children = (
				1E40AE951AC2040500D3E426 /* Info.plist */,
				1E40AE961AC2040500D3E426 /* main.m */,
			);
			name = "Supporting Files";
			sourceTree = "<group>";
		};
		1E40AEA71AC2040500D3E426 /* StarWarsTests */ = {
			isa = PBXGroup;
			children = (
				1E40AEAA1AC2040500D3E426 /* StarWarsTests.m */,
				1E40AEA81AC2040500D3E426 /* Supporting Files */,
			);
			path = StarWarsTests;
			sourceTree = "<group>";
		};
		1E40AEA81AC2040500D3E426 /* Supporting Files */ = {
			isa = PBXGroup;
			children = (
				1E40AEA91AC2040500D3E426 /* Info.plist */,
			);
			name = "Supporting Files";
			sourceTree = "<group>";
		};
		1E40AEB71AC215D800D3E426 /* Models */ = {
			isa = PBXGroup;
			children = (
				1E40AEB41AC215D100D3E426 /* AGTStarWarsCharacter.h */,
				1E40AEB51AC215D100D3E426 /* AGTStarWarsCharacter.m */,
			);
			name = Models;
			sourceTree = "<group>";
		};
		1E40AEBD1AC21A6400D3E426 /* Controllers */ = {
			isa = PBXGroup;
			children = (
				1E40AEB81AC21A5F00D3E426 /* AGTCharacterViewController.h */,
				1E40AEB91AC21A5F00D3E426 /* AGTCharacterViewController.m */,
				1E40AEBA1AC21A5F00D3E426 /* AGTCharacterViewController.xib */,
			);
			name = Controllers;
			sourceTree = "<group>";
		};
		1E40AEDE1AC2285100D3E426 /* Resources */ = {
			isa = PBXGroup;
			children = (
				1E40AEBE1AC2284100D3E426 /* c3po.caf */,
				1E40AEBF1AC2284100D3E426 /* c3po.jpg */,
				1E40AEC01AC2284100D3E426 /* chewbacca.caf */,
				1E40AEC11AC2284100D3E426 /* chewbacca.jpg */,
				1E40AEC21AC2284100D3E426 /* darthVader.jpg */,
				1E40AEC31AC2284100D3E426 /* icon.png */,
				1E40AEC41AC2284100D3E426 /* iconSmall.png */,
				1E40AEC51AC2284100D3E426 /* palpatine.caf */,
				1E40AEC61AC2284100D3E426 /* palpatine.jpg */,
				1E40AEC71AC2284100D3E426 /* r2-d2.caf */,
				1E40AEC81AC2284100D3E426 /* R2-D2.jpg */,
				1E40AEC91AC2284100D3E426 /* tarkin.caf */,
				1E40AECA1AC2284100D3E426 /* tarkin.jpg */,
				1E40AECB1AC2284100D3E426 /* vader.caf */,
				1E40AECC1AC2284100D3E426 /* yoda.caf */,
				1E40AECD1AC2284100D3E426 /* yoda.jpg */,
			);
			name = Resources;
			sourceTree = "<group>";
		};
		1E7248B01AC3470700B51488 /* Sound */ = {
			isa = PBXGroup;
			children = (
				1E7248AD1AC346FC00B51488 /* CafPlayer.h */,
				1E7248AE1AC346FC00B51488 /* CafPlayer.m */,
			);
			name = Sound;
			sourceTree = "<group>";
		};
/* End PBXGroup section */

/* Begin PBXNativeTarget section */
		1E40AE901AC2040500D3E426 /* StarWars */ = {
			isa = PBXNativeTarget;
			buildConfigurationList = 1E40AEAE1AC2040500D3E426 /* Build configuration list for PBXNativeTarget "StarWars" */;
			buildPhases = (
				1E40AE8D1AC2040500D3E426 /* Sources */,
				1E40AE8E1AC2040500D3E426 /* Frameworks */,
				1E40AE8F1AC2040500D3E426 /* Resources */,
			);
			buildRules = (
			);
			dependencies = (
			);
			name = StarWars;
			productName = StarWars;
			productReference = 1E40AE911AC2040500D3E426 /* StarWars.app */;
			productType = "com.apple.product-type.application";
		};
		1E40AEA31AC2040500D3E426 /* StarWarsTests */ = {
			isa = PBXNativeTarget;
			buildConfigurationList = 1E40AEB11AC2040500D3E426 /* Build configuration list for PBXNativeTarget "StarWarsTests" */;
			buildPhases = (
				1E40AEA01AC2040500D3E426 /* Sources */,
				1E40AEA11AC2040500D3E426 /* Frameworks */,
				1E40AEA21AC2040500D3E426 /* Resources */,
			);
			buildRules = (
			);
			dependencies = (
				1E40AEA61AC2040500D3E426 /* PBXTargetDependency */,
			);
			name = StarWarsTests;
			productName = StarWarsTests;
			productReference = 1E40AEA41AC2040500D3E426 /* StarWarsTests.xctest */;
			productType = "com.apple.product-type.bundle.unit-test";
		};
/* End PBXNativeTarget section */

/* Begin PBXProject section */
		1E40AE891AC2040500D3E426 /* Project object */ = {
			isa = PBXProject;
			attributes = {
				LastUpgradeCheck = 0620;
				ORGANIZATIONNAME = Krainet;
				TargetAttributes = {
					1E40AE901AC2040500D3E426 = {
						CreatedOnToolsVersion = 6.2;
						DevelopmentTeam = 65TEXX58WW;
					};
					1E40AEA31AC2040500D3E426 = {
						CreatedOnToolsVersion = 6.2;
						TestTargetID = 1E40AE901AC2040500D3E426;
					};
				};
			};
			buildConfigurationList = 1E40AE8C1AC2040500D3E426 /* Build configuration list for PBXProject "StarWars" */;
			compatibilityVersion = "Xcode 3.2";
			developmentRegion = English;
			hasScannedForEncodings = 0;
			knownRegions = (
				en,
				Base,
			);
			mainGroup = 1E40AE881AC2040500D3E426;
			productRefGroup = 1E40AE921AC2040500D3E426 /* Products */;
			projectDirPath = "";
			projectRoot = "";
			targets = (
				1E40AE901AC2040500D3E426 /* StarWars */,
				1E40AEA31AC2040500D3E426 /* StarWarsTests */,
			);
		};
/* End PBXProject section */

/* Begin PBXResourcesBuildPhase section */
		1E40AE8F1AC2040500D3E426 /* Resources */ = {
			isa = PBXResourcesBuildPhase;
			buildActionMask = 2147483647;
			files = (
				1E40AED41AC2284100D3E426 /* iconSmall.png in Resources */,
				1E40AED81AC2284100D3E426 /* R2-D2.jpg in Resources */,
				1E40AEDA1AC2284100D3E426 /* tarkin.jpg in Resources */,
				1E40AE9F1AC2040500D3E426 /* LaunchScreen.xib in Resources */,
				1E40AED61AC2284100D3E426 /* palpatine.jpg in Resources */,
				1E40AED91AC2284100D3E426 /* tarkin.caf in Resources */,
				1E40AECF1AC2284100D3E426 /* c3po.jpg in Resources */,
				1E40AEDD1AC2284100D3E426 /* yoda.jpg in Resources */,
				1E40AED31AC2284100D3E426 /* icon.png in Resources */,
				1E40AED21AC2284100D3E426 /* darthVader.jpg in Resources */,
				1E40AEDC1AC2284100D3E426 /* yoda.caf in Resources */,
				1E40AED51AC2284100D3E426 /* palpatine.caf in Resources */,
				1E40AED01AC2284100D3E426 /* chewbacca.caf in Resources */,
				1E40AED71AC2284100D3E426 /* r2-d2.caf in Resources */,
				1E40AEDB1AC2284100D3E426 /* vader.caf in Resources */,
				1E40AECE1AC2284100D3E426 /* c3po.caf in Resources */,
				1E40AE9C1AC2040500D3E426 /* Images.xcassets in Resources */,
				1E40AEBC1AC21A5F00D3E426 /* AGTCharacterViewController.xib in Resources */,
				1E40AED11AC2284100D3E426 /* chewbacca.jpg in Resources */,
			);
			runOnlyForDeploymentPostprocessing = 0;
		};
		1E40AEA21AC2040500D3E426 /* Resources */ = {
			isa = PBXResourcesBuildPhase;
			buildActionMask = 2147483647;
			files = (
			);
			runOnlyForDeploymentPostprocessing = 0;
		};
/* End PBXResourcesBuildPhase section */

/* Begin PBXSourcesBuildPhase section */
		1E40AE8D1AC2040500D3E426 /* Sources */ = {
			isa = PBXSourcesBuildPhase;
			buildActionMask = 2147483647;
			files = (
				1E40AE9A1AC2040500D3E426 /* AppDelegate.m in Sources */,
				1E40AEB61AC215D100D3E426 /* AGTStarWarsCharacter.m in Sources */,
				1E7248AF1AC346FC00B51488 /* CafPlayer.m in Sources */,
				1E40AE971AC2040500D3E426 /* main.m in Sources */,
				1E40AEBB1AC21A5F00D3E426 /* AGTCharacterViewController.m in Sources */,
			);
			runOnlyForDeploymentPostprocessing = 0;
		};
		1E40AEA01AC2040500D3E426 /* Sources */ = {
			isa = PBXSourcesBuildPhase;
			buildActionMask = 2147483647;
			files = (
				1E40AEAB1AC2040500D3E426 /* StarWarsTests.m in Sources */,
			);
			runOnlyForDeploymentPostprocessing = 0;
		};
/* End PBXSourcesBuildPhase section */

/* Begin PBXTargetDependency section */
		1E40AEA61AC2040500D3E426 /* PBXTargetDependency */ = {
			isa = PBXTargetDependency;
			target = 1E40AE901AC2040500D3E426 /* StarWars */;
			targetProxy = 1E40AEA51AC2040500D3E426 /* PBXContainerItemProxy */;
		};
/* End PBXTargetDependency section */

/* Begin PBXVariantGroup section */
		1E40AE9D1AC2040500D3E426 /* LaunchScreen.xib */ = {
			isa = PBXVariantGroup;
			children = (
				1E40AE9E1AC2040500D3E426 /* Base */,
			);
			name = LaunchScreen.xib;
			sourceTree = "<group>";
		};
/* End PBXVariantGroup section */

/* Begin XCBuildConfiguration section */
		1E40AEAC1AC2040500D3E426 /* Debug */ = {
			isa = XCBuildConfiguration;
			buildSettings = {
				ALWAYS_SEARCH_USER_PATHS = NO;
				CLANG_CXX_LANGUAGE_STANDARD = "gnu++0x";
				CLANG_CXX_LIBRARY = "libc++";
				CLANG_ENABLE_MODULES = YES;
				CLANG_ENABLE_OBJC_ARC = YES;
				CLANG_WARN_BOOL_CONVERSION = YES;
				CLANG_WARN_CONSTANT_CONVERSION = YES;
				CLANG_WARN_DIRECT_OBJC_ISA_USAGE = YES_ERROR;
				CLANG_WARN_EMPTY_BODY = YES;
				CLANG_WARN_ENUM_CONVERSION = YES;
				CLANG_WARN_INT_CONVERSION = YES;
				CLANG_WARN_OBJC_ROOT_CLASS = YES_ERROR;
				CLANG_WARN_UNREACHABLE_CODE = YES;
				CLANG_WARN__DUPLICATE_METHOD_MATCH = YES;
				"CODE_SIGN_IDENTITY[sdk=iphoneos*]" = "iPhone Developer";
				COPY_PHASE_STRIP = NO;
				ENABLE_STRICT_OBJC_MSGSEND = YES;
				GCC_C_LANGUAGE_STANDARD = gnu99;
				GCC_DYNAMIC_NO_PIC = NO;
				GCC_OPTIMIZATION_LEVEL = 0;
				GCC_PREPROCESSOR_DEFINITIONS = (
					"DEBUG=1",
					"$(inherited)",
				);
				GCC_SYMBOLS_PRIVATE_EXTERN = NO;
				GCC_WARN_64_TO_32_BIT_CONVERSION = YES;
				GCC_WARN_ABOUT_RETURN_TYPE = YES_ERROR;
				GCC_WARN_UNDECLARED_SELECTOR = YES;
				GCC_WARN_UNINITIALIZED_AUTOS = YES_AGGRESSIVE;
				GCC_WARN_UNUSED_FUNCTION = YES;
				GCC_WARN_UNUSED_VARIABLE = YES;
				IPHONEOS_DEPLOYMENT_TARGET = 8.2;
				MTL_ENABLE_DEBUG_INFO = YES;
				ONLY_ACTIVE_ARCH = YES;
				SDKROOT = iphoneos;
				TARGETED_DEVICE_FAMILY = 2;
			};
			name = Debug;
		};
		1E40AEAD1AC2040500D3E426 /* Release */ = {
			isa = XCBuildConfiguration;
			buildSettings = {
				ALWAYS_SEARCH_USER_PATHS = NO;
				CLANG_CXX_LANGUAGE_STANDARD = "gnu++0x";
				CLANG_CXX_LIBRARY = "libc++";
				CLANG_ENABLE_MODULES = YES;
				CLANG_ENABLE_OBJC_ARC = YES;
				CLANG_WARN_BOOL_CONVERSION = YES;
				CLANG_WARN_CONSTANT_CONVERSION = YES;
				CLANG_WARN_DIRECT_OBJC_ISA_USAGE = YES_ERROR;
				CLANG_WARN_EMPTY_BODY = YES;
				CLANG_WARN_ENUM_CONVERSION = YES;
				CLANG_WARN_INT_CONVERSION = YES;
				CLANG_WARN_OBJC_ROOT_CLASS = YES_ERROR;
				CLANG_WARN_UNREACHABLE_CODE = YES;
				CLANG_WARN__DUPLICATE_METHOD_MATCH = YES;
				"CODE_SIGN_IDENTITY[sdk=iphoneos*]" = "iPhone Developer";
				COPY_PHASE_STRIP = NO;
				ENABLE_NS_ASSERTIONS = NO;
				ENABLE_STRICT_OBJC_MSGSEND = YES;
				GCC_C_LANGUAGE_STANDARD = gnu99;
				GCC_WARN_64_TO_32_BIT_CONVERSION = YES;
				GCC_WARN_ABOUT_RETURN_TYPE = YES_ERROR;
				GCC_WARN_UNDECLARED_SELECTOR = YES;
				GCC_WARN_UNINITIALIZED_AUTOS = YES_AGGRESSIVE;
				GCC_WARN_UNUSED_FUNCTION = YES;
				GCC_WARN_UNUSED_VARIABLE = YES;
				IPHONEOS_DEPLOYMENT_TARGET = 8.2;
				MTL_ENABLE_DEBUG_INFO = NO;
				SDKROOT = iphoneos;
				TARGETED_DEVICE_FAMILY = 2;
				VALIDATE_PRODUCT = YES;
			};
			name = Release;
		};
		1E40AEAF1AC2040500D3E426 /* Debug */ = {
			isa = XCBuildConfiguration;
			buildSettings = {
				ASSETCATALOG_COMPILER_APPICON_NAME = AppIcon;
				INFOPLIST_FILE = StarWars/Info.plist;
				LD_RUNPATH_SEARCH_PATHS = "$(inherited) @executable_path/Frameworks";
				PRODUCT_NAME = "$(TARGET_NAME)";
			};
			name = Debug;
		};
		1E40AEB01AC2040500D3E426 /* Release */ = {
			isa = XCBuildConfiguration;
			buildSettings = {
				ASSETCATALOG_COMPILER_APPICON_NAME = AppIcon;
				INFOPLIST_FILE = StarWars/Info.plist;
				LD_RUNPATH_SEARCH_PATHS = "$(inherited) @executable_path/Frameworks";
				PRODUCT_NAME = "$(TARGET_NAME)";
			};
			name = Release;
		};
		1E40AEB21AC2040500D3E426 /* Debug */ = {
			isa = XCBuildConfiguration;
			buildSettings = {
				BUNDLE_LOADER = "$(TEST_HOST)";
				FRAMEWORK_SEARCH_PATHS = (
					"$(SDKROOT)/Developer/Library/Frameworks",
					"$(inherited)",
				);
				GCC_PREPROCESSOR_DEFINITIONS = (
					"DEBUG=1",
					"$(inherited)",
				);
				INFOPLIST_FILE = StarWarsTests/Info.plist;
				LD_RUNPATH_SEARCH_PATHS = "$(inherited) @executable_path/Frameworks @loader_path/Frameworks";
				PRODUCT_NAME = "$(TARGET_NAME)";
				TEST_HOST = "$(BUILT_PRODUCTS_DIR)/StarWars.app/StarWars";
			};
			name = Debug;
		};
		1E40AEB31AC2040500D3E426 /* Release */ = {
			isa = XCBuildConfiguration;
			buildSettings = {
				BUNDLE_LOADER = "$(TEST_HOST)";
				FRAMEWORK_SEARCH_PATHS = (
					"$(SDKROOT)/Developer/Library/Frameworks",
					"$(inherited)",
				);
				INFOPLIST_FILE = StarWarsTests/Info.plist;
				LD_RUNPATH_SEARCH_PATHS = "$(inherited) @executable_path/Frameworks @loader_path/Frameworks";
				PRODUCT_NAME = "$(TARGET_NAME)";
				TEST_HOST = "$(BUILT_PRODUCTS_DIR)/StarWars.app/StarWars";
			};
			name = Release;
		};
/* End XCBuildConfiguration section */

/* Begin XCConfigurationList section */
		1E40AE8C1AC2040500D3E426 /* Build configuration list for PBXProject "StarWars" */ = {
			isa = XCConfigurationList;
			buildConfigurations = (
				1E40AEAC1AC2040500D3E426 /* Debug */,
				1E40AEAD1AC2040500D3E426 /* Release */,
			);
			defaultConfigurationIsVisible = 0;
			defaultConfigurationName = Release;
		};
		1E40AEAE1AC2040500D3E426 /* Build configuration list for PBXNativeTarget "StarWars" */ = {
			isa = XCConfigurationList;
			buildConfigurations = (
				1E40AEAF1AC2040500D3E426 /* Debug */,
				1E40AEB01AC2040500D3E426 /* Release */,
			);
			defaultConfigurationIsVisible = 0;
			defaultConfigurationName = Release;
		};
		1E40AEB11AC2040500D3E426 /* Build configuration list for PBXNativeTarget "StarWarsTests" */ = {
			isa = XCConfigurationList;
			buildConfigurations = (
				1E40AEB21AC2040500D3E426 /* Debug */,
				1E40AEB31AC2040500D3E426 /* Release */,
			);
			defaultConfigurationIsVisible = 0;
			defaultConfigurationName = Release;
		};
/* End XCConfigurationList section */
	};
	rootObject = 1E40AE891AC2040500D3E426 /* Project object */;
}
